
Microsoft Visual Studio Solution File, Format Version 12.00
# Visual Studio Version 17
VisualStudioVersion = 17.9.34622.214
MinimumVisualStudioVersion = 10.0.40219.1
Project("{9A19103F-16F7-4668-BE54-9A1E7A4F7556}") = "USRLibray", "USRLibray\USRLibray.csproj", "{D80EFC44-445C-4B36-9D92-0094A83B0FF4}"
EndProject
Project("{9A19103F-16F7-4668-BE54-9A1E7A4F7556}") = "LocalizadorLocalJSM", "LocalizadorLocalJSM\LocalizadorLocalJSM.csproj", "{15EB3AC1-3E5A-484B-8180-CE46A1D275FB}"
	ProjectSection(ProjectDependencies) = postProject
		{D80EFC44-445C-4B36-9D92-0094A83B0FF4} = {D80EFC44-445C-4B36-9D92-0094A83B0FF4}
	EndProjectSection
EndProject
Global
	GlobalSection(SolutionConfigurationPlatforms) = preSolution
		Debug|Any CPU = Debug|Any CPU
		Release|Any CPU = Release|Any CPU
	EndGlobalSection
	GlobalSection(ProjectConfigurationPlatforms) = postSolution
		{D80EFC44-445C-4B36-9D92-0094A83B0FF4}.Debug|Any CPU.ActiveCfg = Debug|Any CPU
		{D80EFC44-445C-4B36-9D92-0094A83B0FF4}.Debug|Any CPU.Build.0 = Debug|Any CPU
		{D80EFC44-445C-4B36-9D92-0094A83B0FF4}.Release|Any CPU.ActiveCfg = Release|Any CPU
		{D80EFC44-445C-4B36-9D92-0094A83B0FF4}.Release|Any CPU.Build.0 = Release|Any CPU
		{15EB3AC1-3E5A-484B-8180-CE46A1D275FB}.Debug|Any CPU.ActiveCfg = Debug|Any CPU
		{15EB3AC1-3E5A-484B-8180-CE46A1D275FB}.Debug|Any CPU.Build.0 = Debug|Any CPU
		{15EB3AC1-3E5A-484B-8180-CE46A1D275FB}.Release|Any CPU.ActiveCfg = Release|Any CPU
		{15EB3AC1-3E5A-484B-8180-CE46A1D275FB}.Release|Any CPU.Build.0 = Release|Any CPU
	EndGlobalSection
	GlobalSection(SolutionProperties) = preSolution
		HideSolutionNode = FALSE
	EndGlobalSection
	GlobalSection(ExtensibilityGlobals) = postSolution
		SolutionGuid = {5D89DDA9-CBD2-407B-8462-2EC2BA295DFC}
	EndGlobalSection
EndGlobal
